
Microsoft Visual Studio Solution File, Format Version 12.00
# Visual Studio 15
VisualStudioVersion = 15.0.28307.1321
MinimumVisualStudioVersion = 10.0.40219.1
Project("{FAE04EC0-301F-11D3-BF4B-00C04F79EFBC}") = "UPanda", "UPanda\UPanda.csproj", "{FA3628C2-767A-4867-9FCE-44750E386617}"
EndProject
Global
	GlobalSection(SolutionConfigurationPlatforms) = preSolution
		Debug|Any CPU = Debug|Any CPU
		Release|Any CPU = Release|Any CPU
	EndGlobalSection
	GlobalSection(ProjectConfigurationPlatforms) = postSolution
		{FA3628C2-767A-4867-9FCE-44750E386617}.Debug|Any CPU.ActiveCfg = Debug|Any CPU
		{FA3628C2-767A-4867-9FCE-44750E386617}.Debug|Any CPU.Build.0 = Debug|Any CPU
		{FA3628C2-767A-4867-9FCE-44750E386617}.Release|Any CPU.ActiveCfg = Release|Any CPU
		{FA3628C2-767A-4867-9FCE-44750E386617}.Release|Any CPU.Build.0 = Release|Any CPU
	EndGlobalSection
	GlobalSection(SolutionProperties) = preSolution
		HideSolutionNode = FALSE
	EndGlobalSection
	GlobalSection(ExtensibilityGlobals) = postSolution
		SolutionGuid = {E565A4C4-01E2-4712-8218-092347039DD5}
	EndGlobalSection
EndGlobal
